
Microsoft Visual Studio Solution File, Format Version 12.00
# Visual Studio Version 17
VisualStudioVersion = 17.2.32630.192
MinimumVisualStudioVersion = 10.0.40219.1
Project("{9A19103F-16F7-4668-BE54-9A1E7A4F7556}") = "SlackingGameEngine", "SlackingGameEngine\SlackingGameEngine.csproj", "{9ECD3892-8AD6-4C7A-81B0-292C1C1CD4DB}"
EndProject
Project("{9A19103F-16F7-4668-BE54-9A1E7A4F7556}") = "TestGame", "TestGame\TestGame.csproj", "{D133A057-B047-494A-8559-EA5AB1D5671C}"
EndProject
Project("{9A19103F-16F7-4668-BE54-9A1E7A4F7556}") = "Doom", "Doom\Doom.csproj", "{19B66294-3F21-416D-BAA4-3F88FA4F30FA}"
EndProject
Project("{FAE04EC0-301F-11D3-BF4B-00C04F79EFBC}") = "ColorPalette", "ColorPalette\ColorPalette.csproj", "{0C7FB372-4790-4BA3-84A3-647412A1BF78}"
EndProject
Global
	GlobalSection(SolutionConfigurationPlatforms) = preSolution
		Debug|Any CPU = Debug|Any CPU
		Release|Any CPU = Release|Any CPU
	EndGlobalSection
	GlobalSection(ProjectConfigurationPlatforms) = postSolution
		{9ECD3892-8AD6-4C7A-81B0-292C1C1CD4DB}.Debug|Any CPU.ActiveCfg = Debug|Any CPU
		{9ECD3892-8AD6-4C7A-81B0-292C1C1CD4DB}.Debug|Any CPU.Build.0 = Debug|Any CPU
		{9ECD3892-8AD6-4C7A-81B0-292C1C1CD4DB}.Release|Any CPU.ActiveCfg = Release|Any CPU
		{9ECD3892-8AD6-4C7A-81B0-292C1C1CD4DB}.Release|Any CPU.Build.0 = Release|Any CPU
		{D133A057-B047-494A-8559-EA5AB1D5671C}.Debug|Any CPU.ActiveCfg = Debug|Any CPU
		{D133A057-B047-494A-8559-EA5AB1D5671C}.Debug|Any CPU.Build.0 = Debug|Any CPU
		{D133A057-B047-494A-8559-EA5AB1D5671C}.Release|Any CPU.ActiveCfg = Release|Any CPU
		{D133A057-B047-494A-8559-EA5AB1D5671C}.Release|Any CPU.Build.0 = Release|Any CPU
		{19B66294-3F21-416D-BAA4-3F88FA4F30FA}.Debug|Any CPU.ActiveCfg = Debug|Any CPU
		{19B66294-3F21-416D-BAA4-3F88FA4F30FA}.Debug|Any CPU.Build.0 = Debug|Any CPU
		{19B66294-3F21-416D-BAA4-3F88FA4F30FA}.Release|Any CPU.ActiveCfg = Release|Any CPU
		{19B66294-3F21-416D-BAA4-3F88FA4F30FA}.Release|Any CPU.Build.0 = Release|Any CPU
		{0C7FB372-4790-4BA3-84A3-647412A1BF78}.Debug|Any CPU.ActiveCfg = Debug|Any CPU
		{0C7FB372-4790-4BA3-84A3-647412A1BF78}.Debug|Any CPU.Build.0 = Debug|Any CPU
		{0C7FB372-4790-4BA3-84A3-647412A1BF78}.Release|Any CPU.ActiveCfg = Release|Any CPU
		{0C7FB372-4790-4BA3-84A3-647412A1BF78}.Release|Any CPU.Build.0 = Release|Any CPU
	EndGlobalSection
	GlobalSection(SolutionProperties) = preSolution
		HideSolutionNode = FALSE
	EndGlobalSection
	GlobalSection(ExtensibilityGlobals) = postSolution
		SolutionGuid = {C72F0063-583A-48A2-A023-CDF7CFBCD022}
	EndGlobalSection
EndGlobal
